
Microsoft Visual Studio Solution File, Format Version 12.00
# Visual Studio Version 16
VisualStudioVersion = 16.0.31605.320
MinimumVisualStudioVersion = 10.0.40219.1
Project("{9A19103F-16F7-4668-BE54-9A1E7A4F7556}") = "UnitTestDemo", "UnitTestDemo\UnitTestDemo.csproj", "{8B89D97A-64DD-4645-BFF9-1D75B56D2D47}"
EndProject
Project("{FAE04EC0-301F-11D3-BF4B-00C04F79EFBC}") = "TestDemo", "TestDemo\TestDemo.csproj", "{815F4169-F972-408A-BF10-10C71D9877BD}"
EndProject
Global
	GlobalSection(SolutionConfigurationPlatforms) = preSolution
		Debug|Any CPU = Debug|Any CPU
		Release|Any CPU = Release|Any CPU
	EndGlobalSection
	GlobalSection(ProjectConfigurationPlatforms) = postSolution
		{8B89D97A-64DD-4645-BFF9-1D75B56D2D47}.Debug|Any CPU.ActiveCfg = Debug|Any CPU
		{8B89D97A-64DD-4645-BFF9-1D75B56D2D47}.Debug|Any CPU.Build.0 = Debug|Any CPU
		{8B89D97A-64DD-4645-BFF9-1D75B56D2D47}.Release|Any CPU.ActiveCfg = Release|Any CPU
		{8B89D97A-64DD-4645-BFF9-1D75B56D2D47}.Release|Any CPU.Build.0 = Release|Any CPU
		{815F4169-F972-408A-BF10-10C71D9877BD}.Debug|Any CPU.ActiveCfg = Debug|Any CPU
		{815F4169-F972-408A-BF10-10C71D9877BD}.Debug|Any CPU.Build.0 = Debug|Any CPU
		{815F4169-F972-408A-BF10-10C71D9877BD}.Release|Any CPU.ActiveCfg = Release|Any CPU
		{815F4169-F972-408A-BF10-10C71D9877BD}.Release|Any CPU.Build.0 = Release|Any CPU
	EndGlobalSection
	GlobalSection(SolutionProperties) = preSolution
		HideSolutionNode = FALSE
	EndGlobalSection
	GlobalSection(ExtensibilityGlobals) = postSolution
		SolutionGuid = {22612B06-0694-41C3-8328-943DDC8079C8}
	EndGlobalSection
EndGlobal
